PODS:
  - Alamofire (4.8.2)
  - Bolts (1.9.0):
    - Bolts/AppLinks (= 1.9.0)
    - Bolts/Tasks (= 1.9.0)
  - Bolts/AppLinks (1.9.0):
    - Bolts/Tasks
  - Bolts/Tasks (1.9.0)
  - BSGridCollectionViewLayout (1.2.3)
  - BSImagePicker (2.10.0):
    - BSGridCollectionViewLayout (= 1.2.3)
    - BSImageView (= 1.0.3)
  - BSImageView (1.0.3)
  - Crashlytics (3.13.2):
    - Fabric (~> 1.10.2)
  - Fabric (1.10.2)
  - FacebookSDK (4.44.1):
    - Bolts (~> 1.9)
    - FacebookSDK/CoreKit (= 4.44.1)
    - FacebookSDK/MarketingKit (= 4.44.1)
  - FacebookSDK/CoreKit (4.44.1):
    - Bolts (~> 1.9)
    - FBSDKCoreKit
  - FacebookSDK/MarketingKit (4.44.1):
    - Bolts (~> 1.9)
    - FacebookSDK/CoreKit
    - FBSDKMarketingKit
  - FBSDKCoreKit (5.0.2):
    - FBSDKCoreKit/Basics (= 5.0.2)
    - FBSDKCoreKit/Core (= 5.0.2)
  - FBSDKCoreKit/Basics (5.0.2)
  - FBSDKCoreKit/Core (5.0.2):
    - FBSDKCoreKit/Basics
  - FBSDKLoginKit (5.2.1):
    - FBSDKCoreKit (~> 5.0)
  - FBSDKMarketingKit (4.38.0):
    - FBSDKCoreKit
  - FBSDKShareKit (5.2.1):
    - FBSDKCoreKit (~> 5.0)
  - SDWebImage (4.4.7):
    - SDWebImage/Core (= 4.4.7)
  - SDWebImage/Core (4.4.7)
  - TwitterCore (3.2.0)
  - TwitterKit (3.4.2):
    - TwitterCore (>= 3.2.0)

DEPENDENCIES:
  - Alamofire
  - BSImagePicker (~> 2.8)
  - Crashlytics
  - Fabric
  - FacebookSDK
  - FBSDKCoreKit (~> 5.0.0)
  - FBSDKLoginKit
  - FBSDKShareKit
  - SDWebImage (~> 4.0)
  - TwitterKit

SPEC REPOS:
  https://github.com/cocoapods/specs.git:
    - Alamofire
    - Bolts
    - BSGridCollectionViewLayout
    - BSImagePicker
    - BSImageView
    - Crashlytics
    - Fabric
    - FacebookSDK
    - FBSDKCoreKit
    - FBSDKLoginKit
    - FBSDKMarketingKit
    - FBSDKShareKit
    - SDWebImage
    - TwitterCore
    - TwitterKit

SPEC CHECKSUMS:
  Alamofire: ae5c501addb7afdbb13687d7f2f722c78734c2d3
  Bolts: ac6567323eac61e203f6a9763667d0f711be34c8
  BSGridCollectionViewLayout: 568273e113fbc815f868f1898ef0465aee68f955
  BSImagePicker: fa0c15b6740e8aa7a7b7f0fe38a71ad4cfa0ec4a
  BSImageView: a149459433a2687157d034c78e059d30ac7f2544
  Crashlytics: 611738c7847f8291a1a51084e35987b86ba6b3ee
  Fabric: 706c8b8098fff96c33c0db69cbf81f9c551d0d74
  FacebookSDK: 98dd798abb2fe8148d010d30f5d9b4b47bc30922
  FBSDKCoreKit: 3e41c402eb64ea7799c71833ff9e5690f27b9c42
  FBSDKLoginKit: 6e20e44775ddf4b159a8ca676834325e13d12221
  FBSDKMarketingKit: e609f39d74ab273cf52e2f8b7e8829ed412b2827
  FBSDKShareKit: 75a25e88b15b66e67ed03826080eff825afff520
  SDWebImage: c10d14a8883ebd89664f02a422006f66a85c0c5d
  TwitterCore: 8cbc9ad34d91c63a0035ea05bfbfc0d7ca72a28c
  TwitterKit: 5e4f41d70b9abdb41df5467f52d7aa2c0fd26ebb

PODFILE CHECKSUM: 8bca49d01db192a78b1f955eac1ccec67a22349c

COCOAPODS: 1.5.3
